github.com/bit101/bitlib v0.4.10 h1:gSvZbAM/+KQkXAqiKJynElMvUSkrh1AbQAxPZwSlaFo=
github.com/bit101/bitlib v0.4.10/go.mod h1:d0L7f0E8a21VD7cDuVuIsNyD4yqqxZsvgKxh5Nx433E=
github.com/bit101/blcairo v1.2.5 h1:zSGnMWQRx/jTWWBIrE3Rmsr2eoSwCzcjm7OkTnPBS40=
github.com/bit101/blcairo v1.2.5/go.mod h1:rJ4Xk4Blq63EcWFzCDxyHsU7o/aGQo7DxpP/8oYvc0c=
github.com/bit101/go-ansi v1.5.1 h1:iFR7XPLK0Kt4lkxhpH4r5gwhE39JldIWMr7kHCDQbcc=
github.com/bit101/go-ansi v1.5.1/go.mod h1:7IFt7zupyULqKEDbOkGsDBGu+Bvzu3pYu0Ojnn7aGQQ=
github.com/go-gl/gl v0.0.0-20231021071112-07e5d0ea2e71 h1:5BVwOaUSBTlVZowGO6VZGw2H/zl9nrd3eCZfYV+NfQA=
github.com/go-gl/gl v0.0.0-20231021071112-07e5d0ea2e71/go.mod h1:9YTyiznxEY1fVinfM7RvRcjRHbw2xLBJ3AAGIT0I4Nw=
github.com/go-gl/glfw/v3.3/glfw v0.0.0-20240108052320-294b0144ba39 h1:Fyfrfr+TP8w6ZQ2UXX2Slz8zMCPV/2d4WF78C39zGU0=
github.com/go-gl/glfw/v3.3/glfw v0.0.0-20240108052320-294b0144ba39/go.mod h1:tQ2UAYgL5IevRw8kRxooKSPJfGvJ9fJQFa0TUsXzTg8=
golang.org/x/sys v0.13.0 h1:Af8nKPmuFypiUBjVoU9V20FiaFXOcuZI21p0ycVYYGE=
golang.org/x/sys v0.13.0/go.mod h1:oPkhp1MJrh7nUepCBck5+mAzfO9JrbApNNgaTdGDITg=
golang.org/x/term v0.13.0 h1:bb+I9cTfFazGW51MZqBVmZy7+JEJMouUHTUSKVQLBek=
golang.org/x/term v0.13.0/go.mod h1:LTmsnFJwVN6bCy1rVCoS+qHT1HhALEFxKncY3WNNh4U=
